
Microsoft Visual Studio Solution File, Format Version 12.00
# Visual Studio Version 17
VisualStudioVersion = 17.11.35222.181
MinimumVisualStudioVersion = 10.0.40219.1
Project("{FAE04EC0-301F-11D3-BF4B-00C04F79EFBC}") = "Argadion", "Argadion.csproj", "{A745C907-D58C-4F27-86E0-667C1105B957}"
EndProject
Global
	GlobalSection(SolutionConfigurationPlatforms) = preSolution
		Debug|Any CPU = Debug|Any CPU
		Release|Any CPU = Release|Any CPU
	EndGlobalSection
	GlobalSection(ProjectConfigurationPlatforms) = postSolution
		{A745C907-D58C-4F27-86E0-667C1105B957}.Debug|Any CPU.ActiveCfg = Debug|Any CPU
		{A745C907-D58C-4F27-86E0-667C1105B957}.Debug|Any CPU.Build.0 = Debug|Any CPU
		{A745C907-D58C-4F27-86E0-667C1105B957}.Release|Any CPU.ActiveCfg = Release|Any CPU
		{A745C907-D58C-4F27-86E0-667C1105B957}.Release|Any CPU.Build.0 = Release|Any CPU
	EndGlobalSection
	GlobalSection(SolutionProperties) = preSolution
		HideSolutionNode = FALSE
	EndGlobalSection
	GlobalSection(ExtensibilityGlobals) = postSolution
		SolutionGuid = {B3633D0E-F49B-4AE3-A9D9-9F576F461A84}
	EndGlobalSection
EndGlobal
